{
  "name": "oshmi2json",
  "version": "0.1.0",
  "lockfileVersion": 2,
  "requires": true,
  "packages": {
    "": {
      "name": "oshmi2json",
      "version": "0.1.0",
      "license": "ISC",
      "dependencies": {
        "fs": "0.0.1-security",
        "printf": "^0.6.1",
        "readline": "^1.3.0",
        "scanf": "^1.1.1"
      }
    },
    "node_modules/fs": {
      "version": "0.0.1-security",
      "resolved": "https://registry.npmjs.org/fs/-/fs-0.0.1-security.tgz",
      "integrity": "sha1-invTcYa23d84E/I4WLV+yq9eQdQ="
    },
    "node_modules/printf": {
      "version": "0.6.1",
      "resolved": "https://registry.npmjs.org/printf/-/printf-0.6.1.tgz",
      "integrity": "sha512-is0ctgGdPJ5951KulgfzvHGwJtZ5ck8l042vRkV6jrkpBzTmb/lueTqguWHy2JfVA+RY6gFVlaZgUS0j7S/dsw==",
      "engines": {
        "node": ">= 0.9.0"
      }
    },
    "node_modules/readline": {
      "version": "1.3.0",
      "resolved": "https://registry.npmjs.org/readline/-/readline-1.3.0.tgz",
      "integrity": "sha1-xYDXfvLPyHUrEySYBg3JeTp6wBw="
    },
    "node_modules/scanf": {
      "version": "1.1.2",
      "resolved": "https://registry.npmjs.org/scanf/-/scanf-1.1.2.tgz",
      "integrity": "sha512-AjyDCF9jrLcGl+wbH2OO0vfpMUNmv6skJuuLL/vgDUmG/0YXCT6SVBTOvZXOPAD5raJLtDtUU7v0yF79JDuAqA==",
      "engines": {
        "node": ">= 4"
      }
    }
  },
  "dependencies": {
    "fs": {
      "version": "0.0.1-security",
      "resolved": "https://registry.npmjs.org/fs/-/fs-0.0.1-security.tgz",
      "integrity": "sha1-invTcYa23d84E/I4WLV+yq9eQdQ="
    },
    "printf": {
      "version": "0.6.1",
      "resolved": "https://registry.npmjs.org/printf/-/printf-0.6.1.tgz",
      "integrity": "sha512-is0ctgGdPJ5951KulgfzvHGwJtZ5ck8l042vRkV6jrkpBzTmb/lueTqguWHy2JfVA+RY6gFVlaZgUS0j7S/dsw=="
    },
    "readline": {
      "version": "1.3.0",
      "resolved": "https://registry.npmjs.org/readline/-/readline-1.3.0.tgz",
      "integrity": "sha1-xYDXfvLPyHUrEySYBg3JeTp6wBw="
    },
    "scanf": {
      "version": "1.1.2",
      "resolved": "https://registry.npmjs.org/scanf/-/scanf-1.1.2.tgz",
      "integrity": "sha512-AjyDCF9jrLcGl+wbH2OO0vfpMUNmv6skJuuLL/vgDUmG/0YXCT6SVBTOvZXOPAD5raJLtDtUU7v0yF79JDuAqA=="
    }
  }
}
