
Microsoft Visual Studio Solution File, Format Version 12.00
# Visual Studio Version 17
VisualStudioVersion = 17.13.35919.96 d17.13
MinimumVisualStudioVersion = 10.0.40219.1
Project("{9A19103F-16F7-4668-BE54-9A1E7A4F7556}") = "iec104client", "iec104client\iec104client.csproj", "{E97B6D4A-E75A-4B18-B7C3-C87331C74B91}"
EndProject
Project("{9A19103F-16F7-4668-BE54-9A1E7A4F7556}") = "iec104server", "iec104server\iec104server.csproj", "{D97B6D4A-E75A-4B18-B7C3-C87331C74B92}"
EndProject
Project("{9A19103F-16F7-4668-BE54-9A1E7A4F7556}") = "iec101client", "iec101client\iec101client.csproj", "{A97B6D4A-E75A-4B18-B7C3-C87331C74B93}"
EndProject
Project("{9A19103F-16F7-4668-BE54-9A1E7A4F7556}") = "iec101server", "iec101server\iec101server.csproj", "{612FB171-FBC7-40F5-A299-F1FFD726B538}"
EndProject
Project("{FAE04EC0-301F-11D3-BF4B-00C04F79EFBC}") = "lib60870", "lib60870.netcore\lib60870\lib60870.csproj", "{213F2C8F-187B-AD9D-9836-BDA9191C3944}"
EndProject
Global
	GlobalSection(SolutionConfigurationPlatforms) = preSolution
		Debug|Any CPU = Debug|Any CPU
		Release|Any CPU = Release|Any CPU
	EndGlobalSection
	GlobalSection(ProjectConfigurationPlatforms) = postSolution
		{E97B6D4A-E75A-4B18-B7C3-C87331C74B91}.Debug|Any CPU.ActiveCfg = Debug|Any CPU
		{E97B6D4A-E75A-4B18-B7C3-C87331C74B91}.Debug|Any CPU.Build.0 = Debug|Any CPU
		{E97B6D4A-E75A-4B18-B7C3-C87331C74B91}.Release|Any CPU.ActiveCfg = Release|Any CPU
		{E97B6D4A-E75A-4B18-B7C3-C87331C74B91}.Release|Any CPU.Build.0 = Release|Any CPU
		{D97B6D4A-E75A-4B18-B7C3-C87331C74B92}.Debug|Any CPU.ActiveCfg = Debug|Any CPU
		{D97B6D4A-E75A-4B18-B7C3-C87331C74B92}.Debug|Any CPU.Build.0 = Debug|Any CPU
		{D97B6D4A-E75A-4B18-B7C3-C87331C74B92}.Release|Any CPU.ActiveCfg = Release|Any CPU
		{D97B6D4A-E75A-4B18-B7C3-C87331C74B92}.Release|Any CPU.Build.0 = Release|Any CPU
		{A97B6D4A-E75A-4B18-B7C3-C87331C74B93}.Debug|Any CPU.ActiveCfg = Debug|Any CPU
		{A97B6D4A-E75A-4B18-B7C3-C87331C74B93}.Debug|Any CPU.Build.0 = Debug|Any CPU
		{A97B6D4A-E75A-4B18-B7C3-C87331C74B93}.Release|Any CPU.ActiveCfg = Release|Any CPU
		{A97B6D4A-E75A-4B18-B7C3-C87331C74B93}.Release|Any CPU.Build.0 = Release|Any CPU
		{612FB171-FBC7-40F5-A299-F1FFD726B538}.Debug|Any CPU.ActiveCfg = Debug|Any CPU
		{612FB171-FBC7-40F5-A299-F1FFD726B538}.Debug|Any CPU.Build.0 = Debug|Any CPU
		{612FB171-FBC7-40F5-A299-F1FFD726B538}.Release|Any CPU.ActiveCfg = Release|Any CPU
		{612FB171-FBC7-40F5-A299-F1FFD726B538}.Release|Any CPU.Build.0 = Release|Any CPU
		{213F2C8F-187B-AD9D-9836-BDA9191C3944}.Debug|Any CPU.ActiveCfg = Debug|Any CPU
		{213F2C8F-187B-AD9D-9836-BDA9191C3944}.Debug|Any CPU.Build.0 = Debug|Any CPU
		{213F2C8F-187B-AD9D-9836-BDA9191C3944}.Release|Any CPU.ActiveCfg = Release|Any CPU
		{213F2C8F-187B-AD9D-9836-BDA9191C3944}.Release|Any CPU.Build.0 = Release|Any CPU
	EndGlobalSection
	GlobalSection(SolutionProperties) = preSolution
		HideSolutionNode = FALSE
	EndGlobalSection
	GlobalSection(ExtensibilityGlobals) = postSolution
		SolutionGuid = {79EA9891-066B-4684-9C48-69E17AC4E48D}
	EndGlobalSection
EndGlobal
