
Microsoft Visual Studio Solution File, Format Version 12.00
# Visual Studio Version 16
VisualStudioVersion = 16.0.30204.135
MinimumVisualStudioVersion = 10.0.40219.1
Project("{9A19103F-16F7-4668-BE54-9A1E7A4F7556}") = "libplctag", "libplctag\libplctag.csproj", "{A488D8F2-712F-440E-9024-F27A75FEB171}"
EndProject
Project("{2150E333-8FDC-42A3-9474-1A3956D46DE8}") = "Examples", "Examples", "{1C7DFAD1-A246-463B-8678-976D064EB198}"
EndProject
Project("{778DAE3C-4631-46EA-AA77-85C1314464D9}") = "VB.NET DotNetCore", "Examples\VB.NET DotNetCore\VB.NET DotNetCore.vbproj", "{FD4DCFBC-6189-40FA-8D32-7413A1263E78}"
EndProject
Project("{FAE04EC0-301F-11D3-BF4B-00C04F79EFBC}") = "CSharp DotNetFramework", "Examples\CSharp DotNetFramework\CSharp DotNetFramework.csproj", "{F64B1A34-1E04-42B8-A866-73CA2BA27396}"
EndProject
Project("{9A19103F-16F7-4668-BE54-9A1E7A4F7556}") = "CSharp DotNetCore", "Examples\CSharp DotNetCore\CSharp DotNetCore.csproj", "{C0A82086-6F33-4E25-89DA-D732592FF1F5}"
EndProject
Project("{9A19103F-16F7-4668-BE54-9A1E7A4F7556}") = "libplctag.NativeImport", "libplctag.NativeImport\libplctag.NativeImport.csproj", "{1D976518-8766-44DF-8DF9-636C8BD6FA24}"
EndProject
Project("{9A19103F-16F7-4668-BE54-9A1E7A4F7556}") = "libplctag.NativeImport.Tests", "libplctag.NativeImport.Tests\libplctag.NativeImport.Tests.csproj", "{59D7EBF0-6EBB-4D07-B136-8E80B018C81A}"
EndProject
Project("{9A19103F-16F7-4668-BE54-9A1E7A4F7556}") = "libplctag.NativeImport.Benchmarks", "libplctag.NativeImport.Benchmarks\libplctag.NativeImport.Benchmarks.csproj", "{547E83B4-75E2-42BC-A118-FF41BEF51339}"
EndProject
Global
	GlobalSection(SolutionConfigurationPlatforms) = preSolution
		Debug|Any CPU = Debug|Any CPU
		Debug|x64 = Debug|x64
		Debug|x86 = Debug|x86
		Release|Any CPU = Release|Any CPU
		Release|x64 = Release|x64
		Release|x86 = Release|x86
	EndGlobalSection
	GlobalSection(ProjectConfigurationPlatforms) = postSolution
		{A488D8F2-712F-440E-9024-F27A75FEB171}.Debug|Any CPU.ActiveCfg = Debug|Any CPU
		{A488D8F2-712F-440E-9024-F27A75FEB171}.Debug|Any CPU.Build.0 = Debug|Any CPU
		{A488D8F2-712F-440E-9024-F27A75FEB171}.Debug|x64.ActiveCfg = Debug|Any CPU
		{A488D8F2-712F-440E-9024-F27A75FEB171}.Debug|x64.Build.0 = Debug|Any CPU
		{A488D8F2-712F-440E-9024-F27A75FEB171}.Debug|x86.ActiveCfg = Debug|Any CPU
		{A488D8F2-712F-440E-9024-F27A75FEB171}.Debug|x86.Build.0 = Debug|Any CPU
		{A488D8F2-712F-440E-9024-F27A75FEB171}.Release|Any CPU.ActiveCfg = Release|Any CPU
		{A488D8F2-712F-440E-9024-F27A75FEB171}.Release|Any CPU.Build.0 = Release|Any CPU
		{A488D8F2-712F-440E-9024-F27A75FEB171}.Release|x64.ActiveCfg = Release|Any CPU
		{A488D8F2-712F-440E-9024-F27A75FEB171}.Release|x64.Build.0 = Release|Any CPU
		{A488D8F2-712F-440E-9024-F27A75FEB171}.Release|x86.ActiveCfg = Release|Any CPU
		{A488D8F2-712F-440E-9024-F27A75FEB171}.Release|x86.Build.0 = Release|Any CPU
		{FD4DCFBC-6189-40FA-8D32-7413A1263E78}.Debug|Any CPU.ActiveCfg = Debug|Any CPU
		{FD4DCFBC-6189-40FA-8D32-7413A1263E78}.Debug|Any CPU.Build.0 = Debug|Any CPU
		{FD4DCFBC-6189-40FA-8D32-7413A1263E78}.Debug|x64.ActiveCfg = Debug|Any CPU
		{FD4DCFBC-6189-40FA-8D32-7413A1263E78}.Debug|x64.Build.0 = Debug|Any CPU
		{FD4DCFBC-6189-40FA-8D32-7413A1263E78}.Debug|x86.ActiveCfg = Debug|Any CPU
		{FD4DCFBC-6189-40FA-8D32-7413A1263E78}.Debug|x86.Build.0 = Debug|Any CPU
		{FD4DCFBC-6189-40FA-8D32-7413A1263E78}.Release|Any CPU.ActiveCfg = Release|Any CPU
		{FD4DCFBC-6189-40FA-8D32-7413A1263E78}.Release|Any CPU.Build.0 = Release|Any CPU
		{FD4DCFBC-6189-40FA-8D32-7413A1263E78}.Release|x64.ActiveCfg = Release|Any CPU
		{FD4DCFBC-6189-40FA-8D32-7413A1263E78}.Release|x64.Build.0 = Release|Any CPU
		{FD4DCFBC-6189-40FA-8D32-7413A1263E78}.Release|x86.ActiveCfg = Release|Any CPU
		{FD4DCFBC-6189-40FA-8D32-7413A1263E78}.Release|x86.Build.0 = Release|Any CPU
		{F64B1A34-1E04-42B8-A866-73CA2BA27396}.Debug|Any CPU.ActiveCfg = Debug|Any CPU
		{F64B1A34-1E04-42B8-A866-73CA2BA27396}.Debug|Any CPU.Build.0 = Debug|Any CPU
		{F64B1A34-1E04-42B8-A866-73CA2BA27396}.Debug|x64.ActiveCfg = Debug|Any CPU
		{F64B1A34-1E04-42B8-A866-73CA2BA27396}.Debug|x64.Build.0 = Debug|Any CPU
		{F64B1A34-1E04-42B8-A866-73CA2BA27396}.Debug|x86.ActiveCfg = Debug|Any CPU
		{F64B1A34-1E04-42B8-A866-73CA2BA27396}.Debug|x86.Build.0 = Debug|Any CPU
		{F64B1A34-1E04-42B8-A866-73CA2BA27396}.Release|Any CPU.ActiveCfg = Release|Any CPU
		{F64B1A34-1E04-42B8-A866-73CA2BA27396}.Release|Any CPU.Build.0 = Release|Any CPU
		{F64B1A34-1E04-42B8-A866-73CA2BA27396}.Release|x64.ActiveCfg = Release|Any CPU
		{F64B1A34-1E04-42B8-A866-73CA2BA27396}.Release|x64.Build.0 = Release|Any CPU
		{F64B1A34-1E04-42B8-A866-73CA2BA27396}.Release|x86.ActiveCfg = Release|Any CPU
		{F64B1A34-1E04-42B8-A866-73CA2BA27396}.Release|x86.Build.0 = Release|Any CPU
		{C0A82086-6F33-4E25-89DA-D732592FF1F5}.Debug|Any CPU.ActiveCfg = Debug|Any CPU
		{C0A82086-6F33-4E25-89DA-D732592FF1F5}.Debug|Any CPU.Build.0 = Debug|Any CPU
		{C0A82086-6F33-4E25-89DA-D732592FF1F5}.Debug|x64.ActiveCfg = Debug|Any CPU
		{C0A82086-6F33-4E25-89DA-D732592FF1F5}.Debug|x64.Build.0 = Debug|Any CPU
		{C0A82086-6F33-4E25-89DA-D732592FF1F5}.Debug|x86.ActiveCfg = Debug|Any CPU
		{C0A82086-6F33-4E25-89DA-D732592FF1F5}.Debug|x86.Build.0 = Debug|Any CPU
		{C0A82086-6F33-4E25-89DA-D732592FF1F5}.Release|Any CPU.ActiveCfg = Release|Any CPU
		{C0A82086-6F33-4E25-89DA-D732592FF1F5}.Release|Any CPU.Build.0 = Release|Any CPU
		{C0A82086-6F33-4E25-89DA-D732592FF1F5}.Release|x64.ActiveCfg = Release|Any CPU
		{C0A82086-6F33-4E25-89DA-D732592FF1F5}.Release|x64.Build.0 = Release|Any CPU
		{C0A82086-6F33-4E25-89DA-D732592FF1F5}.Release|x86.ActiveCfg = Release|Any CPU
		{C0A82086-6F33-4E25-89DA-D732592FF1F5}.Release|x86.Build.0 = Release|Any CPU
		{1D976518-8766-44DF-8DF9-636C8BD6FA24}.Debug|Any CPU.ActiveCfg = Debug|Any CPU
		{1D976518-8766-44DF-8DF9-636C8BD6FA24}.Debug|Any CPU.Build.0 = Debug|Any CPU
		{1D976518-8766-44DF-8DF9-636C8BD6FA24}.Debug|x64.ActiveCfg = Debug|Any CPU
		{1D976518-8766-44DF-8DF9-636C8BD6FA24}.Debug|x64.Build.0 = Debug|Any CPU
		{1D976518-8766-44DF-8DF9-636C8BD6FA24}.Debug|x86.ActiveCfg = Debug|Any CPU
		{1D976518-8766-44DF-8DF9-636C8BD6FA24}.Debug|x86.Build.0 = Debug|Any CPU
		{1D976518-8766-44DF-8DF9-636C8BD6FA24}.Release|Any CPU.ActiveCfg = Release|Any CPU
		{1D976518-8766-44DF-8DF9-636C8BD6FA24}.Release|Any CPU.Build.0 = Release|Any CPU
		{1D976518-8766-44DF-8DF9-636C8BD6FA24}.Release|x64.ActiveCfg = Release|Any CPU
		{1D976518-8766-44DF-8DF9-636C8BD6FA24}.Release|x64.Build.0 = Release|Any CPU
		{1D976518-8766-44DF-8DF9-636C8BD6FA24}.Release|x86.ActiveCfg = Release|Any CPU
		{1D976518-8766-44DF-8DF9-636C8BD6FA24}.Release|x86.Build.0 = Release|Any CPU
		{59D7EBF0-6EBB-4D07-B136-8E80B018C81A}.Debug|Any CPU.ActiveCfg = Debug|Any CPU
		{59D7EBF0-6EBB-4D07-B136-8E80B018C81A}.Debug|Any CPU.Build.0 = Debug|Any CPU
		{59D7EBF0-6EBB-4D07-B136-8E80B018C81A}.Debug|x64.ActiveCfg = Debug|Any CPU
		{59D7EBF0-6EBB-4D07-B136-8E80B018C81A}.Debug|x64.Build.0 = Debug|Any CPU
		{59D7EBF0-6EBB-4D07-B136-8E80B018C81A}.Debug|x86.ActiveCfg = Debug|Any CPU
		{59D7EBF0-6EBB-4D07-B136-8E80B018C81A}.Debug|x86.Build.0 = Debug|Any CPU
		{59D7EBF0-6EBB-4D07-B136-8E80B018C81A}.Release|Any CPU.ActiveCfg = Release|Any CPU
		{59D7EBF0-6EBB-4D07-B136-8E80B018C81A}.Release|Any CPU.Build.0 = Release|Any CPU
		{59D7EBF0-6EBB-4D07-B136-8E80B018C81A}.Release|x64.ActiveCfg = Release|Any CPU
		{59D7EBF0-6EBB-4D07-B136-8E80B018C81A}.Release|x64.Build.0 = Release|Any CPU
		{59D7EBF0-6EBB-4D07-B136-8E80B018C81A}.Release|x86.ActiveCfg = Release|Any CPU
		{59D7EBF0-6EBB-4D07-B136-8E80B018C81A}.Release|x86.Build.0 = Release|Any CPU
		{547E83B4-75E2-42BC-A118-FF41BEF51339}.Debug|Any CPU.ActiveCfg = Debug|Any CPU
		{547E83B4-75E2-42BC-A118-FF41BEF51339}.Debug|Any CPU.Build.0 = Debug|Any CPU
		{547E83B4-75E2-42BC-A118-FF41BEF51339}.Debug|x64.ActiveCfg = Debug|Any CPU
		{547E83B4-75E2-42BC-A118-FF41BEF51339}.Debug|x64.Build.0 = Debug|Any CPU
		{547E83B4-75E2-42BC-A118-FF41BEF51339}.Debug|x86.ActiveCfg = Debug|Any CPU
		{547E83B4-75E2-42BC-A118-FF41BEF51339}.Debug|x86.Build.0 = Debug|Any CPU
		{547E83B4-75E2-42BC-A118-FF41BEF51339}.Release|Any CPU.ActiveCfg = Release|Any CPU
		{547E83B4-75E2-42BC-A118-FF41BEF51339}.Release|Any CPU.Build.0 = Release|Any CPU
		{547E83B4-75E2-42BC-A118-FF41BEF51339}.Release|x64.ActiveCfg = Release|Any CPU
		{547E83B4-75E2-42BC-A118-FF41BEF51339}.Release|x64.Build.0 = Release|Any CPU
		{547E83B4-75E2-42BC-A118-FF41BEF51339}.Release|x86.ActiveCfg = Release|Any CPU
		{547E83B4-75E2-42BC-A118-FF41BEF51339}.Release|x86.Build.0 = Release|Any CPU
	EndGlobalSection
	GlobalSection(SolutionProperties) = preSolution
		HideSolutionNode = FALSE
	EndGlobalSection
	GlobalSection(NestedProjects) = preSolution
		{FD4DCFBC-6189-40FA-8D32-7413A1263E78} = {1C7DFAD1-A246-463B-8678-976D064EB198}
		{F64B1A34-1E04-42B8-A866-73CA2BA27396} = {1C7DFAD1-A246-463B-8678-976D064EB198}
		{C0A82086-6F33-4E25-89DA-D732592FF1F5} = {1C7DFAD1-A246-463B-8678-976D064EB198}
	EndGlobalSection
	GlobalSection(ExtensibilityGlobals) = postSolution
		SolutionGuid = {5A7A7394-56CD-4BC3-89B0-33608B307B86}
	EndGlobalSection
EndGlobal
